
Microsoft Visual Studio Solution File, Format Version 12.00
# Visual Studio Version 17
VisualStudioVersion = 17.5.002.0
MinimumVisualStudioVersion = 10.0.40219.1
Project("{9A19103F-16F7-4668-BE54-9A1E7A4F7556}") = "NameSpace(isim uzayi)", "NameSpace(isim uzayi).csproj", "{D5C432F9-2E45-4527-BB82-287DF97F52CA}"
EndProject
Global
	GlobalSection(SolutionConfigurationPlatforms) = preSolution
		Debug|Any CPU = Debug|Any CPU
		Release|Any CPU = Release|Any CPU
	EndGlobalSection
	GlobalSection(ProjectConfigurationPlatforms) = postSolution
		{D5C432F9-2E45-4527-BB82-287DF97F52CA}.Debug|Any CPU.ActiveCfg = Debug|Any CPU
		{D5C432F9-2E45-4527-BB82-287DF97F52CA}.Debug|Any CPU.Build.0 = Debug|Any CPU
		{D5C432F9-2E45-4527-BB82-287DF97F52CA}.Release|Any CPU.ActiveCfg = Release|Any CPU
		{D5C432F9-2E45-4527-BB82-287DF97F52CA}.Release|Any CPU.Build.0 = Release|Any CPU
	EndGlobalSection
	GlobalSection(SolutionProperties) = preSolution
		HideSolutionNode = FALSE
	EndGlobalSection
	GlobalSection(ExtensibilityGlobals) = postSolution
		SolutionGuid = {0B2F9BB0-8EB4-4A85-8F1D-9BF138022EB8}
	EndGlobalSection
EndGlobal
